
Microsoft Visual Studio Solution File, Format Version 12.00
# Visual Studio Version 17
VisualStudioVersion = 17.0.32112.339
MinimumVisualStudioVersion = 10.0.40219.1
Project("{FAE04EC0-301F-11D3-BF4B-00C04F79EFBC}") = "StructDemo01", "StructDemo01\StructDemo01.csproj", "{01433612-0C5C-4812-B7B1-75F8D9941CB4}"
EndProject
Global
	GlobalSection(SolutionConfigurationPlatforms) = preSolution
		Debug|Any CPU = Debug|Any CPU
		Release|Any CPU = Release|Any CPU
	EndGlobalSection
	GlobalSection(ProjectConfigurationPlatforms) = postSolution
		{01433612-0C5C-4812-B7B1-75F8D9941CB4}.Debug|Any CPU.ActiveCfg = Debug|Any CPU
		{01433612-0C5C-4812-B7B1-75F8D9941CB4}.Debug|Any CPU.Build.0 = Debug|Any CPU
		{01433612-0C5C-4812-B7B1-75F8D9941CB4}.Release|Any CPU.ActiveCfg = Release|Any CPU
		{01433612-0C5C-4812-B7B1-75F8D9941CB4}.Release|Any CPU.Build.0 = Release|Any CPU
	EndGlobalSection
	GlobalSection(SolutionProperties) = preSolution
		HideSolutionNode = FALSE
	EndGlobalSection
	GlobalSection(ExtensibilityGlobals) = postSolution
		SolutionGuid = {955E4C59-BBBF-43E1-9D5A-B3ADCC5B1FA5}
	EndGlobalSection
EndGlobal
