
Microsoft Visual Studio Solution File, Format Version 12.00
# Visual Studio Version 17
VisualStudioVersion = 17.0.32126.317
MinimumVisualStudioVersion = 10.0.40219.1
Project("{FAE04EC0-301F-11D3-BF4B-00C04F79EFBC}") = "RazorPagesWebAppDemo", "RazorPagesWebAppDemo\RazorPagesWebAppDemo.csproj", "{448A88C6-C10D-4C52-91AF-EA59B6206283}"
EndProject
Global
	GlobalSection(SolutionConfigurationPlatforms) = preSolution
		Debug|Any CPU = Debug|Any CPU
		Release|Any CPU = Release|Any CPU
	EndGlobalSection
	GlobalSection(ProjectConfigurationPlatforms) = postSolution
		{448A88C6-C10D-4C52-91AF-EA59B6206283}.Debug|Any CPU.ActiveCfg = Debug|Any CPU
		{448A88C6-C10D-4C52-91AF-EA59B6206283}.Debug|Any CPU.Build.0 = Debug|Any CPU
		{448A88C6-C10D-4C52-91AF-EA59B6206283}.Release|Any CPU.ActiveCfg = Release|Any CPU
		{448A88C6-C10D-4C52-91AF-EA59B6206283}.Release|Any CPU.Build.0 = Release|Any CPU
	EndGlobalSection
	GlobalSection(SolutionProperties) = preSolution
		HideSolutionNode = FALSE
	EndGlobalSection
	GlobalSection(ExtensibilityGlobals) = postSolution
		SolutionGuid = {1D1A2121-8E05-449D-9DFF-AF6EAB31C1F7}
	EndGlobalSection
EndGlobal
